
Microsoft Visual Studio Solution File, Format Version 12.00
Project("{FAE04EC0-301F-11D3-BF4B-00C04F79EFBC}") = "NHibernate_project", "NHibernate_project\NHibernate_project.csproj", "{07A71A7F-CC26-4740-8A1D-9EB3C30B3EC3}"
EndProject
Project("{2150E333-8FDC-42A3-9474-1A3956D46DE8}") = "Solution Items", "Solution Items", "{418BC6DF-2CC4-443E-9A61-2B4E6891CE8B}"
	ProjectSection(SolutionItems) = preProject
		docker-compose.yml = docker-compose.yml
	EndProjectSection
EndProject
Project("{FAE04EC0-301F-11D3-BF4B-00C04F79EFBC}") = "NHibernate.Migration", "NHibernate.Migration\NHibernate.Migration.csproj", "{28BB3B6A-D2AF-4F6C-85CB-6DC1D117FC38}"
EndProject
Global
	GlobalSection(SolutionConfigurationPlatforms) = preSolution
		Debug|Any CPU = Debug|Any CPU
		Release|Any CPU = Release|Any CPU
	EndGlobalSection
	GlobalSection(ProjectConfigurationPlatforms) = postSolution
		{07A71A7F-CC26-4740-8A1D-9EB3C30B3EC3}.Debug|Any CPU.ActiveCfg = Debug|Any CPU
		{07A71A7F-CC26-4740-8A1D-9EB3C30B3EC3}.Debug|Any CPU.Build.0 = Debug|Any CPU
		{07A71A7F-CC26-4740-8A1D-9EB3C30B3EC3}.Release|Any CPU.ActiveCfg = Release|Any CPU
		{07A71A7F-CC26-4740-8A1D-9EB3C30B3EC3}.Release|Any CPU.Build.0 = Release|Any CPU
		{28BB3B6A-D2AF-4F6C-85CB-6DC1D117FC38}.Debug|Any CPU.ActiveCfg = Debug|Any CPU
		{28BB3B6A-D2AF-4F6C-85CB-6DC1D117FC38}.Debug|Any CPU.Build.0 = Debug|Any CPU
		{28BB3B6A-D2AF-4F6C-85CB-6DC1D117FC38}.Release|Any CPU.ActiveCfg = Release|Any CPU
		{28BB3B6A-D2AF-4F6C-85CB-6DC1D117FC38}.Release|Any CPU.Build.0 = Release|Any CPU
	EndGlobalSection
EndGlobal
